
Microsoft Visual Studio Solution File, Format Version 12.00
# Visual Studio Version 17
VisualStudioVersion = 17.4.33213.308
MinimumVisualStudioVersion = 10.0.40219.1
Project("{9A19103F-16F7-4668-BE54-9A1E7A4F7556}") = "EndPoints.Domain", "src\EndPoints.Domain\EndPoints.Domain.csproj", "{8FB1A9D9-372B-40AF-B83A-481A1A879557}"
EndProject
Project("{9A19103F-16F7-4668-BE54-9A1E7A4F7556}") = "EndPoints.Data", "..\Repository\EndPoints\src\EndPoints.Data\EndPoints.Data.csproj", "{0870649A-16FD-47B1-9586-1E73E498F6FC}"
EndProject
Project("{9A19103F-16F7-4668-BE54-9A1E7A4F7556}") = "EndPoints.Core", "..\Repository\EndPoints\src\EndPoints.Core\EndPoints.Core.csproj", "{D595D56F-0FBA-4152-B711-C1EDBA790B1D}"
EndProject
Project("{FAE04EC0-301F-11D3-BF4B-00C04F79EFBC}") = "EndPoints.Application", "src\EndPoints.Application\EndPoints.Application.csproj", "{E158B926-33FA-4BBD-BF18-7F811A2DC11B}"
EndProject
Project("{FAE04EC0-301F-11D3-BF4B-00C04F79EFBC}") = "EndPoints.Tests", "tests\EndPoints.Tests\EndPoints.Tests.csproj", "{4CB6598D-481C-4FF9-9083-53214DFDA3BD}"
EndProject
Project("{FAE04EC0-301F-11D3-BF4B-00C04F79EFBC}") = "EndPoints.EndPointFront", "src\EndPoints.EndPointFront\EndPoints.EndPointFront.csproj", "{EC294262-1844-45F3-96A0-374E718861D4}"
EndProject
Project("{FAE04EC0-301F-11D3-BF4B-00C04F79EFBC}") = "EndPoints.Dto", "src\EndPoints.Dto\EndPoints.Dto.csproj", "{C69F82D2-3956-46D3-B1B0-A174B5D7BBB2}"
EndProject
Global
	GlobalSection(SolutionConfigurationPlatforms) = preSolution
		Debug|Any CPU = Debug|Any CPU
		Release|Any CPU = Release|Any CPU
	EndGlobalSection
	GlobalSection(ProjectConfigurationPlatforms) = postSolution
		{8FB1A9D9-372B-40AF-B83A-481A1A879557}.Debug|Any CPU.ActiveCfg = Debug|Any CPU
		{8FB1A9D9-372B-40AF-B83A-481A1A879557}.Debug|Any CPU.Build.0 = Debug|Any CPU
		{8FB1A9D9-372B-40AF-B83A-481A1A879557}.Release|Any CPU.ActiveCfg = Release|Any CPU
		{8FB1A9D9-372B-40AF-B83A-481A1A879557}.Release|Any CPU.Build.0 = Release|Any CPU
		{0870649A-16FD-47B1-9586-1E73E498F6FC}.Debug|Any CPU.ActiveCfg = Debug|Any CPU
		{0870649A-16FD-47B1-9586-1E73E498F6FC}.Debug|Any CPU.Build.0 = Debug|Any CPU
		{0870649A-16FD-47B1-9586-1E73E498F6FC}.Release|Any CPU.ActiveCfg = Release|Any CPU
		{0870649A-16FD-47B1-9586-1E73E498F6FC}.Release|Any CPU.Build.0 = Release|Any CPU
		{D595D56F-0FBA-4152-B711-C1EDBA790B1D}.Debug|Any CPU.ActiveCfg = Debug|Any CPU
		{D595D56F-0FBA-4152-B711-C1EDBA790B1D}.Debug|Any CPU.Build.0 = Debug|Any CPU
		{D595D56F-0FBA-4152-B711-C1EDBA790B1D}.Release|Any CPU.ActiveCfg = Release|Any CPU
		{D595D56F-0FBA-4152-B711-C1EDBA790B1D}.Release|Any CPU.Build.0 = Release|Any CPU
		{E158B926-33FA-4BBD-BF18-7F811A2DC11B}.Debug|Any CPU.ActiveCfg = Debug|Any CPU
		{E158B926-33FA-4BBD-BF18-7F811A2DC11B}.Debug|Any CPU.Build.0 = Debug|Any CPU
		{E158B926-33FA-4BBD-BF18-7F811A2DC11B}.Release|Any CPU.ActiveCfg = Release|Any CPU
		{E158B926-33FA-4BBD-BF18-7F811A2DC11B}.Release|Any CPU.Build.0 = Release|Any CPU
		{4CB6598D-481C-4FF9-9083-53214DFDA3BD}.Debug|Any CPU.ActiveCfg = Debug|Any CPU
		{4CB6598D-481C-4FF9-9083-53214DFDA3BD}.Debug|Any CPU.Build.0 = Debug|Any CPU
		{4CB6598D-481C-4FF9-9083-53214DFDA3BD}.Release|Any CPU.ActiveCfg = Release|Any CPU
		{4CB6598D-481C-4FF9-9083-53214DFDA3BD}.Release|Any CPU.Build.0 = Release|Any CPU
		{EC294262-1844-45F3-96A0-374E718861D4}.Debug|Any CPU.ActiveCfg = Debug|Any CPU
		{EC294262-1844-45F3-96A0-374E718861D4}.Debug|Any CPU.Build.0 = Debug|Any CPU
		{EC294262-1844-45F3-96A0-374E718861D4}.Release|Any CPU.ActiveCfg = Release|Any CPU
		{EC294262-1844-45F3-96A0-374E718861D4}.Release|Any CPU.Build.0 = Release|Any CPU
		{C69F82D2-3956-46D3-B1B0-A174B5D7BBB2}.Debug|Any CPU.ActiveCfg = Debug|Any CPU
		{C69F82D2-3956-46D3-B1B0-A174B5D7BBB2}.Debug|Any CPU.Build.0 = Debug|Any CPU
		{C69F82D2-3956-46D3-B1B0-A174B5D7BBB2}.Release|Any CPU.ActiveCfg = Release|Any CPU
		{C69F82D2-3956-46D3-B1B0-A174B5D7BBB2}.Release|Any CPU.Build.0 = Release|Any CPU
	EndGlobalSection
	GlobalSection(SolutionProperties) = preSolution
		HideSolutionNode = FALSE
	EndGlobalSection
	GlobalSection(ExtensibilityGlobals) = postSolution
		SolutionGuid = {5EA1BD2A-7064-4813-962E-A25595464C9A}
	EndGlobalSection
EndGlobal
